Microsoft Visual Studio Solution File, Format Version 11.00
# Visual Studio 2008

Project("{045520FC-D5C9-2CA4-C59A-713DB5219224}") = "MemoryProfiler-master", "Assembly-CSharp.csproj", "{F6329BE0-9347-27E1-1269-0F6352A44779}"
EndProject
Project("{045520FC-D5C9-2CA4-C59A-713DB5219224}") = "MemoryProfiler-master", "Assembly-CSharp-Editor.csproj", "{068720EB-5AB9-D4D2-9720-3A55F937B687}"
EndProject
Global
	GlobalSection(SolutionConfigurationPlatforms) = preSolution
		Debug|Any CPU = Debug|Any CPU
		Release|Any CPU = Release|Any CPU
	EndGlobalSection
	GlobalSection(ProjectConfigurationPlatforms) = postSolution
		{F6329BE0-9347-27E1-1269-0F6352A44779}.Debug|Any CPU.ActiveCfg = Debug|Any CPU
		{F6329BE0-9347-27E1-1269-0F6352A44779}.Debug|Any CPU.Build.0 = Debug|Any CPU
		{F6329BE0-9347-27E1-1269-0F6352A44779}.Release|Any CPU.ActiveCfg = Release|Any CPU
		{F6329BE0-9347-27E1-1269-0F6352A44779}.Release|Any CPU.Build.0 = Release|Any CPU
		{068720EB-5AB9-D4D2-9720-3A55F937B687}.Debug|Any CPU.ActiveCfg = Debug|Any CPU
		{068720EB-5AB9-D4D2-9720-3A55F937B687}.Debug|Any CPU.Build.0 = Debug|Any CPU
		{068720EB-5AB9-D4D2-9720-3A55F937B687}.Release|Any CPU.ActiveCfg = Release|Any CPU
		{068720EB-5AB9-D4D2-9720-3A55F937B687}.Release|Any CPU.Build.0 = Release|Any CPU
	EndGlobalSection
	GlobalSection(SolutionProperties) = preSolution
		HideSolutionNode = FALSE
	EndGlobalSection
	
EndGlobal
